
Microsoft Visual Studio Solution File, Format Version 12.00
Project("{FAE04EC0-301F-11D3-BF4B-00C04F79EFBC}") = "ScanTweaks", "ScanTweaks.csproj", "{02BC28DE-F478-40CE-9ADF-1A8B23E5D0E5}"
EndProject
Global
	GlobalSection(SolutionConfigurationPlatforms) = preSolution
		Debug|Any CPU = Debug|Any CPU
		Release|Any CPU = Release|Any CPU
	EndGlobalSection
	GlobalSection(ProjectConfigurationPlatforms) = postSolution
		{02BC28DE-F478-40CE-9ADF-1A8B23E5D0E5}.Debug|Any CPU.ActiveCfg = Debug|Any CPU
		{02BC28DE-F478-40CE-9ADF-1A8B23E5D0E5}.Debug|Any CPU.Build.0 = Debug|Any CPU
		{02BC28DE-F478-40CE-9ADF-1A8B23E5D0E5}.Release|Any CPU.ActiveCfg = Release|Any CPU
		{02BC28DE-F478-40CE-9ADF-1A8B23E5D0E5}.Release|Any CPU.Build.0 = Release|Any CPU
	EndGlobalSection
EndGlobal
